// !$*UTF8*$!
{
	archiveVersion = 1;
	classes = {
	};
	objectVersion = 50;
	objects = {

/* Begin PBXBuildFile section */
		4D4E3215E1F8F583D7243A07 /* Pods_Cocktail.framework in Frameworks */ = {isa = PBXBuildFile; fileRef = C223AFF38C8DDD9B52E4133D /* Pods_Cocktail.framework */; };
		A61F07DD215F1F6E0078D1B6 /* AppDelegate.swift in Sources */ = {isa = PBXBuildFile; fileRef = A61F07DC215F1F6E0078D1B6 /* AppDelegate.swift */; };
		A61F07DF215F1F6E0078D1B6 /* CocktailListViewController.swift in Sources */ = {isa = PBXBuildFile; fileRef = A61F07DE215F1F6E0078D1B6 /* CocktailListViewController.swift */; };
		A61F07E2215F1F6E0078D1B6 /* Main.storyboard in Resources */ = {isa = PBXBuildFile; fileRef = A61F07E0215F1F6E0078D1B6 /* Main.storyboard */; };
		A61F07E4215F1F700078D1B6 /* Assets.xcassets in Resources */ = {isa = PBXBuildFile; fileRef = A61F07E3215F1F700078D1B6 /* Assets.xcassets */; };
		A61F07E7215F1F700078D1B6 /* LaunchScreen.storyboard in Resources */ = {isa = PBXBuildFile; fileRef = A61F07E5215F1F700078D1B6 /* LaunchScreen.storyboard */; };
		A61F07EF215F20D50078D1B6 /* CocktailDetailViewController.swift in Sources */ = {isa = PBXBuildFile; fileRef = A61F07EE215F20D50078D1B6 /* CocktailDetailViewController.swift */; };
		A61F07F3215F21870078D1B6 /* CocktailDbClient.swift in Sources */ = {isa = PBXBuildFile; fileRef = A61F07F2215F21870078D1B6 /* CocktailDbClient.swift */; };
		A61F07F6215F22720078D1B6 /* CocktailDbConstants.swift in Sources */ = {isa = PBXBuildFile; fileRef = A61F07F5215F22720078D1B6 /* CocktailDbConstants.swift */; };
		A693CCD5215F242F00CF51E8 /* Alamofire.framework in Frameworks */ = {isa = PBXBuildFile; fileRef = A693CCD4215F242F00CF51E8 /* Alamofire.framework */; };
		A693CCD7215F288E00CF51E8 /* Cocktail.swift in Sources */ = {isa = PBXBuildFile; fileRef = A693CCD6215F288E00CF51E8 /* Cocktail.swift */; };
/* End PBXBuildFile section */

/* Begin PBXFileReference section */
		0B59AF838A80EE05E480E434 /* Pods-Cocktail.release.xcconfig */ = {isa = PBXFileReference; includeInIndex = 1; lastKnownFileType = text.xcconfig; name = "Pods-Cocktail.release.xcconfig"; path = "Pods/Target Support Files/Pods-Cocktail/Pods-Cocktail.release.xcconfig"; sourceTree = "<group>"; };
		6BB51C0A6BC9C8DED5BBCF14 /* Pods-Cocktail.debug.xcconfig */ = {isa = PBXFileReference; includeInIndex = 1; lastKnownFileType = text.xcconfig; name = "Pods-Cocktail.debug.xcconfig"; path = "Pods/Target Support Files/Pods-Cocktail/Pods-Cocktail.debug.xcconfig"; sourceTree = "<group>"; };
		A61F07D9215F1F6E0078D1B6 /* Cocktail.app */ = {isa = PBXFileReference; explicitFileType = wrapper.application; includeInIndex = 0; path = Cocktail.app; sourceTree = BUILT_PRODUCTS_DIR; };
		A61F07DC215F1F6E0078D1B6 /* AppDelegate.swift */ = {isa = PBXFileReference; lastKnownFileType = sourcecode.swift; path = AppDelegate.swift; sourceTree = "<group>"; };
		A61F07DE215F1F6E0078D1B6 /* CocktailListViewController.swift */ = {isa = PBXFileReference; lastKnownFileType = sourcecode.swift; path = CocktailListViewController.swift; sourceTree = "<group>"; };
		A61F07E1215F1F6E0078D1B6 /* Base */ = {isa = PBXFileReference; lastKnownFileType = file.storyboard; name = Base; path = Base.lproj/Main.storyboard; sourceTree = "<group>"; };
		A61F07E3215F1F700078D1B6 /* Assets.xcassets */ = {isa = PBXFileReference; lastKnownFileType = folder.assetcatalog; path = Assets.xcassets; sourceTree = "<group>"; };
		A61F07E6215F1F700078D1B6 /* Base */ = {isa = PBXFileReference; lastKnownFileType = file.storyboard; name = Base; path = Base.lproj/LaunchScreen.storyboard; sourceTree = "<group>"; };
		A61F07E8215F1F700078D1B6 /* Info.plist */ = {isa = PBXFileReference; lastKnownFileType = text.plist.xml; path = Info.plist; sourceTree = "<group>"; };
		A61F07EE215F20D50078D1B6 /* CocktailDetailViewController.swift */ = {isa = PBXFileReference; lastKnownFileType = sourcecode.swift; path = CocktailDetailViewController.swift; sourceTree = "<group>"; };
		A61F07F2215F21870078D1B6 /* CocktailDbClient.swift */ = {isa = PBXFileReference; lastKnownFileType = sourcecode.swift; path = CocktailDbClient.swift; sourceTree = "<group>"; };
		A61F07F5215F22720078D1B6 /* CocktailDbConstants.swift */ = {isa = PBXFileReference; lastKnownFileType = sourcecode.swift; path = CocktailDbConstants.swift; sourceTree = "<group>"; };
		A693CCD4215F242F00CF51E8 /* Alamofire.framework */ = {isa = PBXFileReference; explicitFileType = wrapper.framework; path = Alamofire.framework; sourceTree = BUILT_PRODUCTS_DIR; };
		A693CCD6215F288E00CF51E8 /* Cocktail.swift */ = {isa = PBXFileReference; lastKnownFileType = sourcecode.swift; path = Cocktail.swift; sourceTree = "<group>"; };
		A69552FD215FD98E00D8B171 /* MyPlayground.playground */ = {isa = PBXFileReference; lastKnownFileType = file.playground; path = MyPlayground.playground; sourceTree = "<group>"; xcLanguageSpecificationIdentifier = xcode.lang.swift; };
		C223AFF38C8DDD9B52E4133D /* Pods_Cocktail.framework */ = {isa = PBXFileReference; explicitFileType = wrapper.framework; includeInIndex = 0; path = Pods_Cocktail.framework; sourceTree = BUILT_PRODUCTS_DIR; };
/* End PBXFileReference section */

/* Begin PBXFrameworksBuildPhase section */
		A61F07D6215F1F6E0078D1B6 /* Frameworks */ = {
			isa = PBXFrameworksBuildPhase;
			buildActionMask = 2147483647;
			files = (
				A693CCD5215F242F00CF51E8 /* Alamofire.framework in Frameworks */,
				4D4E3215E1F8F583D7243A07 /* Pods_Cocktail.framework in Frameworks */,
			);
			runOnlyForDeploymentPostprocessing = 0;
		};
/* End PBXFrameworksBuildPhase section */

/* Begin PBXGroup section */
		66BBF2D154BA448DC439AFB4 /* Frameworks */ = {
			isa = PBXGroup;
			children = (
				A693CCD4215F242F00CF51E8 /* Alamofire.framework */,
				C223AFF38C8DDD9B52E4133D /* Pods_Cocktail.framework */,
			);
			name = Frameworks;
			sourceTree = "<group>";
		};
		A61F07D0215F1F6E0078D1B6 = {
			isa = PBXGroup;
			children = (
				A61F07DB215F1F6E0078D1B6 /* Cocktail */,
				A61F07DA215F1F6E0078D1B6 /* Products */,
				C12DD789D7079FA1396E5C58 /* Pods */,
				66BBF2D154BA448DC439AFB4 /* Frameworks */,
			);
			sourceTree = "<group>";
		};
		A61F07DA215F1F6E0078D1B6 /* Products */ = {
			isa = PBXGroup;
			children = (
				A61F07D9215F1F6E0078D1B6 /* Cocktail.app */,
			);
			name = Products;
			sourceTree = "<group>";
		};
		A61F07DB215F1F6E0078D1B6 /* Cocktail */ = {
			isa = PBXGroup;
			children = (
				A61F07DC215F1F6E0078D1B6 /* AppDelegate.swift */,
				A61F07F0215F20DB0078D1B6 /* Controller */,
				A61F07F1215F20E30078D1B6 /* Model */,
				A61F07F7215F228B0078D1B6 /* Networking */,
				A61F07F8215F22B20078D1B6 /* Resources */,
			);
			path = Cocktail;
			sourceTree = "<group>";
		};
		A61F07F0215F20DB0078D1B6 /* Controller */ = {
			isa = PBXGroup;
			children = (
				A61F07DE215F1F6E0078D1B6 /* CocktailListViewController.swift */,
				A61F07EE215F20D50078D1B6 /* CocktailDetailViewController.swift */,
			);
			path = Controller;
			sourceTree = "<group>";
		};
		A61F07F1215F20E30078D1B6 /* Model */ = {
			isa = PBXGroup;
			children = (
				A693CCD6215F288E00CF51E8 /* Cocktail.swift */,
			);
			path = Model;
			sourceTree = "<group>";
		};
		A61F07F4215F21AC0078D1B6 /* CocktailDbAPI */ = {
			isa = PBXGroup;
			children = (
				A61F07F2215F21870078D1B6 /* CocktailDbClient.swift */,
				A61F07F5215F22720078D1B6 /* CocktailDbConstants.swift */,
			);
			path = CocktailDbAPI;
			sourceTree = "<group>";
		};
		A61F07F7215F228B0078D1B6 /* Networking */ = {
			isa = PBXGroup;
			children = (
				A61F07F4215F21AC0078D1B6 /* CocktailDbAPI */,
			);
			path = Networking;
			sourceTree = "<group>";
		};
		A61F07F8215F22B20078D1B6 /* Resources */ = {
			isa = PBXGroup;
			children = (
				A61F07E0215F1F6E0078D1B6 /* Main.storyboard */,
				A61F07E3215F1F700078D1B6 /* Assets.xcassets */,
				A61F07E5215F1F700078D1B6 /* LaunchScreen.storyboard */,
				A61F07E8215F1F700078D1B6 /* Info.plist */,
				A69552FD215FD98E00D8B171 /* MyPlayground.playground */,
			);
			path = Resources;
			sourceTree = "<group>";
		};
		C12DD789D7079FA1396E5C58 /* Pods */ = {
			isa = PBXGroup;
			children = (
				6BB51C0A6BC9C8DED5BBCF14 /* Pods-Cocktail.debug.xcconfig */,
				0B59AF838A80EE05E480E434 /* Pods-Cocktail.release.xcconfig */,
			);
			name = Pods;
			sourceTree = "<group>";
		};
/* End PBXGroup section */

/* Begin PBXNativeTarget section */
		A61F07D8215F1F6E0078D1B6 /* Cocktail */ = {
			isa = PBXNativeTarget;
			buildConfigurationList = A61F07EB215F1F700078D1B6 /* Build configuration list for PBXNativeTarget "Cocktail" */;
			buildPhases = (
				D3D4042F89926C42B3C573B3 /* [CP] Check Pods Manifest.lock */,
				A61F07D5215F1F6E0078D1B6 /* Sources */,
				A61F07D6215F1F6E0078D1B6 /* Frameworks */,
				A61F07D7215F1F6E0078D1B6 /* Resources */,
				B3C76C4979A1FDE65498F957 /* [CP] Embed Pods Frameworks */,
			);
			buildRules = (
			);
			dependencies = (
			);
			name = Cocktail;
			productName = Cocktail;
			productReference = A61F07D9215F1F6E0078D1B6 /* Cocktail.app */;
			productType = "com.apple.product-type.application";
		};
/* End PBXNativeTarget section */

/* Begin PBXProject section */
		A61F07D1215F1F6E0078D1B6 /* Project object */ = {
			isa = PBXProject;
			attributes = {
				LastSwiftUpdateCheck = 1000;
				LastUpgradeCheck = 1000;
				ORGANIZATIONNAME = luko;
				TargetAttributes = {
					A61F07D8215F1F6E0078D1B6 = {
						CreatedOnToolsVersion = 10.0;
					};
				};
			};
			buildConfigurationList = A61F07D4215F1F6E0078D1B6 /* Build configuration list for PBXProject "Cocktail" */;
			compatibilityVersion = "Xcode 9.3";
			developmentRegion = en;
			hasScannedForEncodings = 0;
			knownRegions = (
				en,
				Base,
			);
			mainGroup = A61F07D0215F1F6E0078D1B6;
			productRefGroup = A61F07DA215F1F6E0078D1B6 /* Products */;
			projectDirPath = "";
			projectRoot = "";
			targets = (
				A61F07D8215F1F6E0078D1B6 /* Cocktail */,
			);
		};
/* End PBXProject section */

/* Begin PBXResourcesBuildPhase section */
		A61F07D7215F1F6E0078D1B6 /* Resources */ = {
			isa = PBXResourcesBuildPhase;
			buildActionMask = 2147483647;
			files = (
				A61F07E7215F1F700078D1B6 /* LaunchScreen.storyboard in Resources */,
				A61F07E4215F1F700078D1B6 /* Assets.xcassets in Resources */,
				A61F07E2215F1F6E0078D1B6 /* Main.storyboard in Resources */,
			);
			runOnlyForDeploymentPostprocessing = 0;
		};
/* End PBXResourcesBuildPhase section */

/* Begin PBXShellScriptBuildPhase section */
		B3C76C4979A1FDE65498F957 /* [CP] Embed Pods Frameworks */ = {
			isa = PBXShellScriptBuildPhase;
			buildActionMask = 2147483647;
			files = (
			);
			inputPaths = (
				"${SRCROOT}/Pods/Target Support Files/Pods-Cocktail/Pods-Cocktail-frameworks.sh",
				"${BUILT_PRODUCTS_DIR}/Alamofire/Alamofire.framework",
			);
			name = "[CP] Embed Pods Frameworks";
			outputPaths = (
				"${TARGET_BUILD_DIR}/${FRAMEWORKS_FOLDER_PATH}/Alamofire.framework",
			);
			runOnlyForDeploymentPostprocessing = 0;
			shellPath = /bin/sh;
			shellScript = "\"${SRCROOT}/Pods/Target Support Files/Pods-Cocktail/Pods-Cocktail-frameworks.sh\"\n";
			showEnvVarsInLog = 0;
		};
		D3D4042F89926C42B3C573B3 /* [CP] Check Pods Manifest.lock */ = {
			isa = PBXShellScriptBuildPhase;
			buildActionMask = 2147483647;
			files = (
			);
			inputPaths = (
				"${PODS_PODFILE_DIR_PATH}/Podfile.lock",
				"${PODS_ROOT}/Manifest.lock",
			);
			name = "[CP] Check Pods Manifest.lock";
			outputPaths = (
				"$(DERIVED_FILE_DIR)/Pods-Cocktail-checkManifestLockResult.txt",
			);
			runOnlyForDeploymentPostprocessing = 0;
			shellPath = /bin/sh;
			shellScript = "diff \"${PODS_PODFILE_DIR_PATH}/Podfile.lock\" \"${PODS_ROOT}/Manifest.lock\" > /dev/null\nif [ $? != 0 ] ; then\n    # print error to STDERR\n    echo \"error: The sandbox is not in sync with the Podfile.lock. Run 'pod install' or update your CocoaPods installation.\" >&2\n    exit 1\nfi\n# This output is used by Xcode 'outputs' to avoid re-running this script phase.\necho \"SUCCESS\" > \"${SCRIPT_OUTPUT_FILE_0}\"\n";
			showEnvVarsInLog = 0;
		};
/* End PBXShellScriptBuildPhase section */

/* Begin PBXSourcesBuildPhase section */
		A61F07D5215F1F6E0078D1B6 /* Sources */ = {
			isa = PBXSourcesBuildPhase;
			buildActionMask = 2147483647;
			files = (
				A61F07F3215F21870078D1B6 /* CocktailDbClient.swift in Sources */,
				A61F07DF215F1F6E0078D1B6 /* CocktailListViewController.swift in Sources */,
				A61F07F6215F22720078D1B6 /* CocktailDbConstants.swift in Sources */,
				A61F07DD215F1F6E0078D1B6 /* AppDelegate.swift in Sources */,
				A61F07EF215F20D50078D1B6 /* CocktailDetailViewController.swift in Sources */,
				A693CCD7215F288E00CF51E8 /* Cocktail.swift in Sources */,
			);
			runOnlyForDeploymentPostprocessing = 0;
		};
/* End PBXSourcesBuildPhase section */

/* Begin PBXVariantGroup section */
		A61F07E0215F1F6E0078D1B6 /* Main.storyboard */ = {
			isa = PBXVariantGroup;
			children = (
				A61F07E1215F1F6E0078D1B6 /* Base */,
			);
			name = Main.storyboard;
			sourceTree = "<group>";
		};
		A61F07E5215F1F700078D1B6 /* LaunchScreen.storyboard */ = {
			isa = PBXVariantGroup;
			children = (
				A61F07E6215F1F700078D1B6 /* Base */,
			);
			name = LaunchScreen.storyboard;
			sourceTree = "<group>";
		};
/* End PBXVariantGroup section */

/* Begin XCBuildConfiguration section */
		A61F07E9215F1F700078D1B6 /* Debug */ = {
			isa = XCBuildConfiguration;
			buildSettings = {
				ALWAYS_SEARCH_USER_PATHS = NO;
				CLANG_ANALYZER_NONNULL = YES;
				CLANG_ANALYZER_NUMBER_OBJECT_CONVERSION = YES_AGGRESSIVE;
				CLANG_CXX_LANGUAGE_STANDARD = "gnu++14";
				CLANG_CXX_LIBRARY = "libc++";
				CLANG_ENABLE_MODULES = YES;
				CLANG_ENABLE_OBJC_ARC = YES;
				CLANG_ENABLE_OBJC_WEAK = YES;
				CLANG_WARN_BLOCK_CAPTURE_AUTORELEASING = YES;
				CLANG_WARN_BOOL_CONVERSION = YES;
				CLANG_WARN_COMMA = YES;
				CLANG_WARN_CONSTANT_CONVERSION = YES;
				CLANG_WARN_DEPRECATED_OBJC_IMPLEMENTATIONS = YES;
				CLANG_WARN_DIRECT_OBJC_ISA_USAGE = YES_ERROR;
				CLANG_WARN_DOCUMENTATION_COMMENTS = YES;
				CLANG_WARN_EMPTY_BODY = YES;
				CLANG_WARN_ENUM_CONVERSION = YES;
				CLANG_WARN_INFINITE_RECURSION = YES;
				CLANG_WARN_INT_CONVERSION = YES;
				CLANG_WARN_NON_LITERAL_NULL_CONVERSION = YES;
				CLANG_WARN_OBJC_IMPLICIT_RETAIN_SELF = YES;
				CLANG_WARN_OBJC_LITERAL_CONVERSION = YES;
				CLANG_WARN_OBJC_ROOT_CLASS = YES_ERROR;
				CLANG_WARN_RANGE_LOOP_ANALYSIS = YES;
				CLANG_WARN_STRICT_PROTOTYPES = YES;
				CLANG_WARN_SUSPICIOUS_MOVE = YES;
				CLANG_WARN_UNGUARDED_AVAILABILITY = YES_AGGRESSIVE;
				CLANG_WARN_UNREACHABLE_CODE = YES;
				CLANG_WARN__DUPLICATE_METHOD_MATCH = YES;
				CODE_SIGN_IDENTITY = "iPhone Developer";
				COPY_PHASE_STRIP = NO;
				DEBUG_INFORMATION_FORMAT = dwarf;
				ENABLE_STRICT_OBJC_MSGSEND = YES;
				ENABLE_TESTABILITY = YES;
				GCC_C_LANGUAGE_STANDARD = gnu11;
				GCC_DYNAMIC_NO_PIC = NO;
				GCC_NO_COMMON_BLOCKS = YES;
				GCC_OPTIMIZATION_LEVEL = 0;
				GCC_PREPROCESSOR_DEFINITIONS = (
					"DEBUG=1",
					"$(inherited)",
				);
				GCC_WARN_64_TO_32_BIT_CONVERSION = YES;
				GCC_WARN_ABOUT_RETURN_TYPE = YES_ERROR;
				GCC_WARN_UNDECLARED_SELECTOR = YES;
				GCC_WARN_UNINITIALIZED_AUTOS = YES_AGGRESSIVE;
				GCC_WARN_UNUSED_FUNCTION = YES;
				GCC_WARN_UNUSED_VARIABLE = YES;
				IPHONEOS_DEPLOYMENT_TARGET = 12.0;
				MTL_ENABLE_DEBUG_INFO = INCLUDE_SOURCE;
				MTL_FAST_MATH = YES;
				ONLY_ACTIVE_ARCH = YES;
				SDKROOT = iphoneos;
				SWIFT_ACTIVE_COMPILATION_CONDITIONS = DEBUG;
				SWIFT_OPTIMIZATION_LEVEL = "-Onone";
			};
			name = Debug;
		};
		A61F07EA215F1F700078D1B6 /* Release */ = {
			isa = XCBuildConfiguration;
			buildSettings = {
				ALWAYS_SEARCH_USER_PATHS = NO;
				CLANG_ANALYZER_NONNULL = YES;
				CLANG_ANALYZER_NUMBER_OBJECT_CONVERSION = YES_AGGRESSIVE;
				CLANG_CXX_LANGUAGE_STANDARD = "gnu++14";
				CLANG_CXX_LIBRARY = "libc++";
				CLANG_ENABLE_MODULES = YES;
				CLANG_ENABLE_OBJC_ARC = YES;
				CLANG_ENABLE_OBJC_WEAK = YES;
				CLANG_WARN_BLOCK_CAPTURE_AUTORELEASING = YES;
				CLANG_WARN_BOOL_CONVERSION = YES;
				CLANG_WARN_COMMA = YES;
				CLANG_WARN_CONSTANT_CONVERSION = YES;
				CLANG_WARN_DEPRECATED_OBJC_IMPLEMENTATIONS = YES;
				CLANG_WARN_DIRECT_OBJC_ISA_USAGE = YES_ERROR;
				CLANG_WARN_DOCUMENTATION_COMMENTS = YES;
				CLANG_WARN_EMPTY_BODY = YES;
				CLANG_WARN_ENUM_CONVERSION = YES;
				CLANG_WARN_INFINITE_RECURSION = YES;
				CLANG_WARN_INT_CONVERSION = YES;
				CLANG_WARN_NON_LITERAL_NULL_CONVERSION = YES;
				CLANG_WARN_OBJC_IMPLICIT_RETAIN_SELF = YES;
				CLANG_WARN_OBJC_LITERAL_CONVERSION = YES;
				CLANG_WARN_OBJC_ROOT_CLASS = YES_ERROR;
				CLANG_WARN_RANGE_LOOP_ANALYSIS = YES;
				CLANG_WARN_STRICT_PROTOTYPES = YES;
				CLANG_WARN_SUSPICIOUS_MOVE = YES;
				CLANG_WARN_UNGUARDED_AVAILABILITY = YES_AGGRESSIVE;
				CLANG_WARN_UNREACHABLE_CODE = YES;
				CLANG_WARN__DUPLICATE_METHOD_MATCH = YES;
				CODE_SIGN_IDENTITY = "iPhone Developer";
				COPY_PHASE_STRIP = NO;
				DEBUG_INFORMATION_FORMAT = "dwarf-with-dsym";
				ENABLE_NS_ASSERTIONS = NO;
				ENABLE_STRICT_OBJC_MSGSEND = YES;
				GCC_C_LANGUAGE_STANDARD = gnu11;
				GCC_NO_COMMON_BLOCKS = YES;
				GCC_WARN_64_TO_32_BIT_CONVERSION = YES;
				GCC_WARN_ABOUT_RETURN_TYPE = YES_ERROR;
				GCC_WARN_UNDECLARED_SELECTOR = YES;
				GCC_WARN_UNINITIALIZED_AUTOS = YES_AGGRESSIVE;
				GCC_WARN_UNUSED_FUNCTION = YES;
				GCC_WARN_UNUSED_VARIABLE = YES;
				IPHONEOS_DEPLOYMENT_TARGET = 12.0;
				MTL_ENABLE_DEBUG_INFO = NO;
				MTL_FAST_MATH = YES;
				SDKROOT = iphoneos;
				SWIFT_COMPILATION_MODE = wholemodule;
				SWIFT_OPTIMIZATION_LEVEL = "-O";
				VALIDATE_PRODUCT = YES;
			};
			name = Release;
		};
		A61F07EC215F1F700078D1B6 /* Debug */ = {
			isa = XCBuildConfiguration;
			baseConfigurationReference = 6BB51C0A6BC9C8DED5BBCF14 /* Pods-Cocktail.debug.xcconfig */;
			buildSettings = {
				ASSETCATALOG_COMPILER_APPICON_NAME = AppIcon;
				CODE_SIGN_STYLE = Automatic;
				DEVELOPMENT_TEAM = QE68JBKWWB;
				INFOPLIST_FILE = "$(SRCROOT)/Cocktail/Resources/Info.plist";
				IPHONEOS_DEPLOYMENT_TARGET = 11.0;
				LD_RUNPATH_SEARCH_PATHS = (
					"$(inherited)",
					"@executable_path/Frameworks",
				);
				PRODUCT_BUNDLE_IDENTIFIER = com.luko.Cocktail;
				PRODUCT_NAME = "$(TARGET_NAME)";
				SWIFT_VERSION = 4.2;
				TARGETED_DEVICE_FAMILY = 1;
			};
			name = Debug;
		};
		A61F07ED215F1F700078D1B6 /* Release */ = {
			isa = XCBuildConfiguration;
			baseConfigurationReference = 0B59AF838A80EE05E480E434 /* Pods-Cocktail.release.xcconfig */;
			buildSettings = {
				ASSETCATALOG_COMPILER_APPICON_NAME = AppIcon;
				CODE_SIGN_STYLE = Automatic;
				DEVELOPMENT_TEAM = QE68JBKWWB;
				INFOPLIST_FILE = "$(SRCROOT)/Cocktail/Resources/Info.plist";
				IPHONEOS_DEPLOYMENT_TARGET = 11.0;
				LD_RUNPATH_SEARCH_PATHS = (
					"$(inherited)",
					"@executable_path/Frameworks",
				);
				PRODUCT_BUNDLE_IDENTIFIER = com.luko.Cocktail;
				PRODUCT_NAME = "$(TARGET_NAME)";
				SWIFT_VERSION = 4.2;
				TARGETED_DEVICE_FAMILY = 1;
			};
			name = Release;
		};
/* End XCBuildConfiguration section */

/* Begin XCConfigurationList section */
		A61F07D4215F1F6E0078D1B6 /* Build configuration list for PBXProject "Cocktail" */ = {
			isa = XCConfigurationList;
			buildConfigurations = (
				A61F07E9215F1F700078D1B6 /* Debug */,
				A61F07EA215F1F700078D1B6 /* Release */,
			);
			defaultConfigurationIsVisible = 0;
			defaultConfigurationName = Release;
		};
		A61F07EB215F1F700078D1B6 /* Build configuration list for PBXNativeTarget "Cocktail" */ = {
			isa = XCConfigurationList;
			buildConfigurations = (
				A61F07EC215F1F700078D1B6 /* Debug */,
				A61F07ED215F1F700078D1B6 /* Release */,
			);
			defaultConfigurationIsVisible = 0;
			defaultConfigurationName = Release;
		};
/* End XCConfigurationList section */
	};
	rootObject = A61F07D1215F1F6E0078D1B6 /* Project object */;
}
